
Microsoft Visual Studio Solution File, Format Version 12.00
# Visual Studio Version 16
VisualStudioVersion = 16.0.810.3
MinimumVisualStudioVersion = 10.0.40219.1
Project("{FAE04EC0-301F-11D3-BF4B-00C04F79EFBC}") = "dotnet-tp-test", "dotnet-tp-test\dotnet-tp-test.csproj", "{E35926A9-8BE9-4335-A4D2-2875837E24D4}"
EndProject
Project("{FAE04EC0-301F-11D3-BF4B-00C04F79EFBC}") = "Reglas_negocio", "Reglas_negocio\Reglas_negocio.csproj", "{39A50C1E-8F2D-4675-A90C-5F4AF8720FB9}"
EndProject
Global
	GlobalSection(SolutionConfigurationPlatforms) = preSolution
		Debug|Any CPU = Debug|Any CPU
		Release|Any CPU = Release|Any CPU
	EndGlobalSection
	GlobalSection(ProjectConfigurationPlatforms) = postSolution
		{E35926A9-8BE9-4335-A4D2-2875837E24D4}.Debug|Any CPU.ActiveCfg = Debug|Any CPU
		{E35926A9-8BE9-4335-A4D2-2875837E24D4}.Debug|Any CPU.Build.0 = Debug|Any CPU
		{E35926A9-8BE9-4335-A4D2-2875837E24D4}.Release|Any CPU.ActiveCfg = Release|Any CPU
		{E35926A9-8BE9-4335-A4D2-2875837E24D4}.Release|Any CPU.Build.0 = Release|Any CPU
		{39A50C1E-8F2D-4675-A90C-5F4AF8720FB9}.Debug|Any CPU.ActiveCfg = Debug|Any CPU
		{39A50C1E-8F2D-4675-A90C-5F4AF8720FB9}.Debug|Any CPU.Build.0 = Debug|Any CPU
		{39A50C1E-8F2D-4675-A90C-5F4AF8720FB9}.Release|Any CPU.ActiveCfg = Release|Any CPU
		{39A50C1E-8F2D-4675-A90C-5F4AF8720FB9}.Release|Any CPU.Build.0 = Release|Any CPU
	EndGlobalSection
	GlobalSection(SolutionProperties) = preSolution
		HideSolutionNode = FALSE
	EndGlobalSection
	GlobalSection(ExtensibilityGlobals) = postSolution
		SolutionGuid = {BC1CD863-1B0D-4539-B89B-4646978B1C79}
	EndGlobalSection
EndGlobal
